
Microsoft Visual Studio Solution File, Format Version 10.00
# Visual Studio 2008
Project("{FAE04EC0-301F-11D3-BF4B-00C04F79EFBC}") = "TangGiaoDien", "TangGiaoDien\TangGiaoDien.csproj", "{36D977D6-7B24-4EC9-96E7-58B14191F1CF}"
EndProject
Project("{FAE04EC0-301F-11D3-BF4B-00C04F79EFBC}") = "BUS", "BUS\BUS.csproj", "{E150EDF6-6EF4-4318-8E99-F41E64FAE9D7}"
EndProject
Project("{FAE04EC0-301F-11D3-BF4B-00C04F79EFBC}") = "DTO", "DTO\DTO.csproj", "{1193808B-E517-4D08-AF47-F48AD7302838}"
EndProject
Project("{FAE04EC0-301F-11D3-BF4B-00C04F79EFBC}") = "DAO", "DAO\DAO.csproj", "{6D7B549C-0CF9-4563-B447-3CA1A6C2C7BF}"
EndProject
Global
	GlobalSection(SolutionConfigurationPlatforms) = preSolution
		Debug|Any CPU = Debug|Any CPU
		Release|Any CPU = Release|Any CPU
	EndGlobalSection
	GlobalSection(ProjectConfigurationPlatforms) = postSolution
		{36D977D6-7B24-4EC9-96E7-58B14191F1CF}.Debug|Any CPU.ActiveCfg = Debug|Any CPU
		{36D977D6-7B24-4EC9-96E7-58B14191F1CF}.Debug|Any CPU.Build.0 = Debug|Any CPU
		{36D977D6-7B24-4EC9-96E7-58B14191F1CF}.Release|Any CPU.ActiveCfg = Release|Any CPU
		{36D977D6-7B24-4EC9-96E7-58B14191F1CF}.Release|Any CPU.Build.0 = Release|Any CPU
		{E150EDF6-6EF4-4318-8E99-F41E64FAE9D7}.Debug|Any CPU.ActiveCfg = Debug|Any CPU
		{E150EDF6-6EF4-4318-8E99-F41E64FAE9D7}.Debug|Any CPU.Build.0 = Debug|Any CPU
		{E150EDF6-6EF4-4318-8E99-F41E64FAE9D7}.Release|Any CPU.ActiveCfg = Release|Any CPU
		{E150EDF6-6EF4-4318-8E99-F41E64FAE9D7}.Release|Any CPU.Build.0 = Release|Any CPU
		{1193808B-E517-4D08-AF47-F48AD7302838}.Debug|Any CPU.ActiveCfg = Debug|Any CPU
		{1193808B-E517-4D08-AF47-F48AD7302838}.Debug|Any CPU.Build.0 = Debug|Any CPU
		{1193808B-E517-4D08-AF47-F48AD7302838}.Release|Any CPU.ActiveCfg = Release|Any CPU
		{1193808B-E517-4D08-AF47-F48AD7302838}.Release|Any CPU.Build.0 = Release|Any CPU
		{6D7B549C-0CF9-4563-B447-3CA1A6C2C7BF}.Debug|Any CPU.ActiveCfg = Debug|Any CPU
		{6D7B549C-0CF9-4563-B447-3CA1A6C2C7BF}.Debug|Any CPU.Build.0 = Debug|Any CPU
		{6D7B549C-0CF9-4563-B447-3CA1A6C2C7BF}.Release|Any CPU.ActiveCfg = Release|Any CPU
		{6D7B549C-0CF9-4563-B447-3CA1A6C2C7BF}.Release|Any CPU.Build.0 = Release|Any CPU
	EndGlobalSection
	GlobalSection(SolutionProperties) = preSolution
		HideSolutionNode = FALSE
	EndGlobalSection
EndGlobal
